
Microsoft Visual Studio Solution File, Format Version 12.00
# Visual Studio Version 17
VisualStudioVersion = 17.11.35219.272
MinimumVisualStudioVersion = 10.0.40219.1
Project("{FAE04EC0-301F-11D3-BF4B-00C04F79EFBC}") = "Laboratorio3", "Laboratorio3\Laboratorio3.csproj", "{3F515152-4F42-415F-B94C-7AD1B0B9BEF1}"
EndProject
Project("{FAE04EC0-301F-11D3-BF4B-00C04F79EFBC}") = "Laboratorio3.1", "Laboratorio3.1\Laboratorio3.1.csproj", "{0A230BA9-B0EA-46C4-BA7B-97CB1F3437C7}"
EndProject
Project("{FAE04EC0-301F-11D3-BF4B-00C04F79EFBC}") = "Laboratorio3.2", "Laboratorio3.2\Laboratorio3.2.csproj", "{9BEA4008-1835-49DA-8DB6-C262DF38B750}"
EndProject
Project("{FAE04EC0-301F-11D3-BF4B-00C04F79EFBC}") = "Laboratorio3.3", "Laboratorio3.3\Laboratorio3.3.csproj", "{9A9764B3-AD56-40BF-94FA-481C68B6844F}"
EndProject
Global
	GlobalSection(SolutionConfigurationPlatforms) = preSolution
		Debug|Any CPU = Debug|Any CPU
		Release|Any CPU = Release|Any CPU
	EndGlobalSection
	GlobalSection(ProjectConfigurationPlatforms) = postSolution
		{3F515152-4F42-415F-B94C-7AD1B0B9BEF1}.Debug|Any CPU.ActiveCfg = Debug|Any CPU
		{3F515152-4F42-415F-B94C-7AD1B0B9BEF1}.Debug|Any CPU.Build.0 = Debug|Any CPU
		{3F515152-4F42-415F-B94C-7AD1B0B9BEF1}.Release|Any CPU.ActiveCfg = Release|Any CPU
		{3F515152-4F42-415F-B94C-7AD1B0B9BEF1}.Release|Any CPU.Build.0 = Release|Any CPU
		{0A230BA9-B0EA-46C4-BA7B-97CB1F3437C7}.Debug|Any CPU.ActiveCfg = Debug|Any CPU
		{0A230BA9-B0EA-46C4-BA7B-97CB1F3437C7}.Debug|Any CPU.Build.0 = Debug|Any CPU
		{0A230BA9-B0EA-46C4-BA7B-97CB1F3437C7}.Release|Any CPU.ActiveCfg = Release|Any CPU
		{0A230BA9-B0EA-46C4-BA7B-97CB1F3437C7}.Release|Any CPU.Build.0 = Release|Any CPU
		{9BEA4008-1835-49DA-8DB6-C262DF38B750}.Debug|Any CPU.ActiveCfg = Debug|Any CPU
		{9BEA4008-1835-49DA-8DB6-C262DF38B750}.Debug|Any CPU.Build.0 = Debug|Any CPU
		{9BEA4008-1835-49DA-8DB6-C262DF38B750}.Release|Any CPU.ActiveCfg = Release|Any CPU
		{9BEA4008-1835-49DA-8DB6-C262DF38B750}.Release|Any CPU.Build.0 = Release|Any CPU
		{9A9764B3-AD56-40BF-94FA-481C68B6844F}.Debug|Any CPU.ActiveCfg = Debug|Any CPU
		{9A9764B3-AD56-40BF-94FA-481C68B6844F}.Debug|Any CPU.Build.0 = Debug|Any CPU
		{9A9764B3-AD56-40BF-94FA-481C68B6844F}.Release|Any CPU.ActiveCfg = Release|Any CPU
		{9A9764B3-AD56-40BF-94FA-481C68B6844F}.Release|Any CPU.Build.0 = Release|Any CPU
	EndGlobalSection
	GlobalSection(SolutionProperties) = preSolution
		HideSolutionNode = FALSE
	EndGlobalSection
	GlobalSection(ExtensibilityGlobals) = postSolution
		SolutionGuid = {5F60A2AD-3BAA-4793-B0C0-80C961E17230}
	EndGlobalSection
EndGlobal
