
Microsoft Visual Studio Solution File, Format Version 12.00
# Visual Studio Version 17
VisualStudioVersion = 17.11.35219.272
MinimumVisualStudioVersion = 10.0.40219.1
Project("{9A19103F-16F7-4668-BE54-9A1E7A4F7556}") = "Laboratorio#2-DSF-IV", "Laboratorio#2-DSF-IV\Laboratorio#2-DSF-IV.csproj", "{1143BE9C-3CDE-40BF-AA2B-CC9513F16CB6}"
EndProject
Project("{FAE04EC0-301F-11D3-BF4B-00C04F79EFBC}") = "Laboratorio21", "Laboratorio21\Laboratorio21.csproj", "{6C0E28C7-8B6F-4835-B912-17F750736153}"
EndProject
Global
	GlobalSection(SolutionConfigurationPlatforms) = preSolution
		Debug|Any CPU = Debug|Any CPU
		Release|Any CPU = Release|Any CPU
	EndGlobalSection
	GlobalSection(ProjectConfigurationPlatforms) = postSolution
		{1143BE9C-3CDE-40BF-AA2B-CC9513F16CB6}.Debug|Any CPU.ActiveCfg = Debug|Any CPU
		{1143BE9C-3CDE-40BF-AA2B-CC9513F16CB6}.Debug|Any CPU.Build.0 = Debug|Any CPU
		{1143BE9C-3CDE-40BF-AA2B-CC9513F16CB6}.Release|Any CPU.ActiveCfg = Release|Any CPU
		{1143BE9C-3CDE-40BF-AA2B-CC9513F16CB6}.Release|Any CPU.Build.0 = Release|Any CPU
		{6C0E28C7-8B6F-4835-B912-17F750736153}.Debug|Any CPU.ActiveCfg = Debug|Any CPU
		{6C0E28C7-8B6F-4835-B912-17F750736153}.Debug|Any CPU.Build.0 = Debug|Any CPU
		{6C0E28C7-8B6F-4835-B912-17F750736153}.Release|Any CPU.ActiveCfg = Release|Any CPU
		{6C0E28C7-8B6F-4835-B912-17F750736153}.Release|Any CPU.Build.0 = Release|Any CPU
	EndGlobalSection
	GlobalSection(SolutionProperties) = preSolution
		HideSolutionNode = FALSE
	EndGlobalSection
	GlobalSection(ExtensibilityGlobals) = postSolution
		SolutionGuid = {8FD6B152-8080-4BED-A1E9-7D3EFA51630E}
	EndGlobalSection
EndGlobal
