
Microsoft Visual Studio Solution File, Format Version 12.00
# Visual Studio Version 17
VisualStudioVersion = 17.11.35219.272
MinimumVisualStudioVersion = 10.0.40219.1
Project("{FAE04EC0-301F-11D3-BF4B-00C04F79EFBC}") = "Laboratorio#5-DSIV", "Laboratorio#5-DSIV\Laboratorio#5-DSIV.csproj", "{0322DB18-B185-498D-A2FF-4B2BBB2DA0EF}"
EndProject
Project("{FAE04EC0-301F-11D3-BF4B-00C04F79EFBC}") = "Laboratorio#5.1-DSIV", "Laboratorio#5.1-DSIV\Laboratorio#5.1-DSIV.csproj", "{7206064D-2799-4F6E-93DC-3339D0EF6626}"
EndProject
Project("{FAE04EC0-301F-11D3-BF4B-00C04F79EFBC}") = "Laboratorio#5.2-DSIV", "Laboratorio#5.2-DSIV\Laboratorio#5.2-DSIV.csproj", "{1DB56837-EB5C-4199-A171-EB49E4F3E9C7}"
EndProject
Global
	GlobalSection(SolutionConfigurationPlatforms) = preSolution
		Debug|Any CPU = Debug|Any CPU
		Release|Any CPU = Release|Any CPU
	EndGlobalSection
	GlobalSection(ProjectConfigurationPlatforms) = postSolution
		{0322DB18-B185-498D-A2FF-4B2BBB2DA0EF}.Debug|Any CPU.ActiveCfg = Debug|Any CPU
		{0322DB18-B185-498D-A2FF-4B2BBB2DA0EF}.Debug|Any CPU.Build.0 = Debug|Any CPU
		{0322DB18-B185-498D-A2FF-4B2BBB2DA0EF}.Release|Any CPU.ActiveCfg = Release|Any CPU
		{0322DB18-B185-498D-A2FF-4B2BBB2DA0EF}.Release|Any CPU.Build.0 = Release|Any CPU
		{7206064D-2799-4F6E-93DC-3339D0EF6626}.Debug|Any CPU.ActiveCfg = Debug|Any CPU
		{7206064D-2799-4F6E-93DC-3339D0EF6626}.Debug|Any CPU.Build.0 = Debug|Any CPU
		{7206064D-2799-4F6E-93DC-3339D0EF6626}.Release|Any CPU.ActiveCfg = Release|Any CPU
		{7206064D-2799-4F6E-93DC-3339D0EF6626}.Release|Any CPU.Build.0 = Release|Any CPU
		{1DB56837-EB5C-4199-A171-EB49E4F3E9C7}.Debug|Any CPU.ActiveCfg = Debug|Any CPU
		{1DB56837-EB5C-4199-A171-EB49E4F3E9C7}.Debug|Any CPU.Build.0 = Debug|Any CPU
		{1DB56837-EB5C-4199-A171-EB49E4F3E9C7}.Release|Any CPU.ActiveCfg = Release|Any CPU
		{1DB56837-EB5C-4199-A171-EB49E4F3E9C7}.Release|Any CPU.Build.0 = Release|Any CPU
	EndGlobalSection
	GlobalSection(SolutionProperties) = preSolution
		HideSolutionNode = FALSE
	EndGlobalSection
	GlobalSection(ExtensibilityGlobals) = postSolution
		SolutionGuid = {DC873E24-8A12-4AA2-9B57-A17AEE3CFB27}
	EndGlobalSection
EndGlobal
