
Microsoft Visual Studio Solution File, Format Version 12.00
# Visual Studio Version 17
VisualStudioVersion = 17.11.35327.3
MinimumVisualStudioVersion = 10.0.40219.1
Project("{FAE04EC0-301F-11D3-BF4B-00C04F79EFBC}") = "Laboratorio#20-DSIV", "Laboratorio#20-DSIV\Laboratorio#20-DSIV.csproj", "{9E69AE0F-642A-4542-9889-239E1CA505AA}"
EndProject
Global
	GlobalSection(SolutionConfigurationPlatforms) = preSolution
		Debug|Any CPU = Debug|Any CPU
		Release|Any CPU = Release|Any CPU
	EndGlobalSection
	GlobalSection(ProjectConfigurationPlatforms) = postSolution
		{9E69AE0F-642A-4542-9889-239E1CA505AA}.Debug|Any CPU.ActiveCfg = Debug|Any CPU
		{9E69AE0F-642A-4542-9889-239E1CA505AA}.Debug|Any CPU.Build.0 = Debug|Any CPU
		{9E69AE0F-642A-4542-9889-239E1CA505AA}.Release|Any CPU.ActiveCfg = Release|Any CPU
		{9E69AE0F-642A-4542-9889-239E1CA505AA}.Release|Any CPU.Build.0 = Release|Any CPU
	EndGlobalSection
	GlobalSection(SolutionProperties) = preSolution
		HideSolutionNode = FALSE
	EndGlobalSection
	GlobalSection(ExtensibilityGlobals) = postSolution
		SolutionGuid = {F45223DF-72EA-469F-82BC-CA51AF3988C7}
	EndGlobalSection
EndGlobal
