
Microsoft Visual Studio Solution File, Format Version 12.00
# Visual Studio Version 17
VisualStudioVersion = 17.11.35219.272
MinimumVisualStudioVersion = 10.0.40219.1
Project("{FAE04EC0-301F-11D3-BF4B-00C04F79EFBC}") = "Laboratorio#7-DSIV", "Laboratorio#7-DSIV\Laboratorio#7-DSIV.csproj", "{08E75F96-6921-4709-B838-446C4CB76E26}"
EndProject
Project("{FAE04EC0-301F-11D3-BF4B-00C04F79EFBC}") = "Laboratorio#7.2-DSIV", "Laboratorio#7.2-DSIV\Laboratorio#7.2-DSIV.csproj", "{30E843B7-0E51-48A8-931A-0E971143927B}"
EndProject
Global
	GlobalSection(SolutionConfigurationPlatforms) = preSolution
		Debug|Any CPU = Debug|Any CPU
		Release|Any CPU = Release|Any CPU
	EndGlobalSection
	GlobalSection(ProjectConfigurationPlatforms) = postSolution
		{08E75F96-6921-4709-B838-446C4CB76E26}.Debug|Any CPU.ActiveCfg = Debug|Any CPU
		{08E75F96-6921-4709-B838-446C4CB76E26}.Debug|Any CPU.Build.0 = Debug|Any CPU
		{08E75F96-6921-4709-B838-446C4CB76E26}.Release|Any CPU.ActiveCfg = Release|Any CPU
		{08E75F96-6921-4709-B838-446C4CB76E26}.Release|Any CPU.Build.0 = Release|Any CPU
		{30E843B7-0E51-48A8-931A-0E971143927B}.Debug|Any CPU.ActiveCfg = Debug|Any CPU
		{30E843B7-0E51-48A8-931A-0E971143927B}.Debug|Any CPU.Build.0 = Debug|Any CPU
		{30E843B7-0E51-48A8-931A-0E971143927B}.Release|Any CPU.ActiveCfg = Release|Any CPU
		{30E843B7-0E51-48A8-931A-0E971143927B}.Release|Any CPU.Build.0 = Release|Any CPU
	EndGlobalSection
	GlobalSection(SolutionProperties) = preSolution
		HideSolutionNode = FALSE
	EndGlobalSection
	GlobalSection(ExtensibilityGlobals) = postSolution
		SolutionGuid = {93D9F8F5-6391-40AE-BC9B-5B6952648845}
	EndGlobalSection
EndGlobal
